
Microsoft Visual Studio Solution File, Format Version 12.00
# Visual Studio 15
VisualStudioVersion = 15.0.28307.168
MinimumVisualStudioVersion = 10.0.40219.1
Project("{9A19103F-16F7-4668-BE54-9A1E7A4F7556}") = "SFBR.Device.Domain", "src\SFBR.Device.Domain\SFBR.Device.Domain.csproj", "{7D0017BF-AAF2-450F-BA33-3D6B216380BF}"
EndProject
Project("{9A19103F-16F7-4668-BE54-9A1E7A4F7556}") = "SFBR.Device.Infrastructure", "src\SFBR.Device.Infrastructure\SFBR.Device.Infrastructure.csproj", "{CE82C308-B4F2-41B7-9CF2-704AD7F3DC95}"
EndProject
Project("{9A19103F-16F7-4668-BE54-9A1E7A4F7556}") = "SFBR.Device.Api", "src\SFBR.Device.Api\SFBR.Device.Api.csproj", "{18BE3F7B-FDF7-401B-A21E-4B508B3D2FAB}"
EndProject
Project("{2150E333-8FDC-42A3-9474-1A3956D46DE8}") = "EventBus", "EventBus", "{AA1595EA-43B9-4DD3-B050-E5BD24E47471}"
EndProject
Project("{9A19103F-16F7-4668-BE54-9A1E7A4F7556}") = "SFBR.EventBus", "src\SFBR.EventBus\SFBR.EventBus.csproj", "{17AC32E9-2A6A-4EAA-BD23-EC2015441DE6}"
EndProject
Project("{9A19103F-16F7-4668-BE54-9A1E7A4F7556}") = "SFBR.EventBusRabbitMQ", "src\SFBR.EventBusRabbitMQ\SFBR.EventBusRabbitMQ.csproj", "{58EAC19A-AA77-4AD8-BA6D-DBE88C3A5277}"
EndProject
Project("{2150E333-8FDC-42A3-9474-1A3956D46DE8}") = "GateWay", "GateWay", "{93552A34-5E09-43B8-998A-2C154BE5458D}"
EndProject
Project("{2150E333-8FDC-42A3-9474-1A3956D46DE8}") = "Services", "Services", "{D3CD2069-6E26-4EA8-9B44-F6F6ED55DCF0}"
EndProject
Project("{9A19103F-16F7-4668-BE54-9A1E7A4F7556}") = "SFBR.IntegrationEventLogEF", "src\SFBR.IntegrationEventLogEF\SFBR.IntegrationEventLogEF.csproj", "{13EBC368-8F3D-4F0E-BDE0-7893AB204C21}"
EndProject
Project("{2150E333-8FDC-42A3-9474-1A3956D46DE8}") = "LogService", "LogService", "{7500FAF4-E5C1-4E8E-B6B5-49C10EFC2772}"
EndProject
Project("{2150E333-8FDC-42A3-9474-1A3956D46DE8}") = "RealDataService", "RealDataService", "{970ABAC9-F2C8-4FFC-909B-4A7BBFD2E028}"
EndProject
Project("{2150E333-8FDC-42A3-9474-1A3956D46DE8}") = "test", "test", "{C42D0625-F183-47DB-8F8D-BF895D3C76F5}"
EndProject
Project("{2150E333-8FDC-42A3-9474-1A3956D46DE8}") = "Services", "Services", "{83052ACE-3156-4E4F-8E4C-16DB9934BFF5}"
EndProject
Project("{9A19103F-16F7-4668-BE54-9A1E7A4F7556}") = "Application.FunctionalTests", "test\ServicesTests\Application.FunctionalTests\Application.FunctionalTests.csproj", "{DEA06FFC-BEEC-4C89-A8B9-993B1A2BA6F6}"
EndProject
Project("{9A19103F-16F7-4668-BE54-9A1E7A4F7556}") = "SFBR.Log.Api", "src\SFBR.Log.Api\SFBR.Log.Api.csproj", "{97A6342D-E190-43FC-93AA-4EFED0160984}"
EndProject
Project("{2150E333-8FDC-42A3-9474-1A3956D46DE8}") = "RepairService", "RepairService", "{E41310E1-B7A8-415C-9170-846CC18AED5A}"
EndProject
Project("{9A19103F-16F7-4668-BE54-9A1E7A4F7556}") = "SFBR.Repair.Api", "src\SFBR.Repair.Api\SFBR.Repair.Api.csproj", "{476A2F28-00FB-40B4-B118-2F376478C942}"
EndProject
Project("{9A19103F-16F7-4668-BE54-9A1E7A4F7556}") = "SFBR.Data.Api", "src\SFBR.Data.Api\SFBR.Data.Api.csproj", "{39768BF2-F7D1-431C-9E24-15B4BC81A174}"
EndProject
Project("{2150E333-8FDC-42A3-9474-1A3956D46DE8}") = "DeviceService", "DeviceService", "{AB8CAEE1-0532-429D-93D6-84E2B2CCD5AE}"
EndProject
Project("{2150E333-8FDC-42A3-9474-1A3956D46DE8}") = "WebApps", "WebApps", "{7031233B-3076-45E0-86CE-EDD02E14DCC3}"
EndProject
Project("{9A19103F-16F7-4668-BE54-9A1E7A4F7556}") = "SFBR.Terminal.Web", "src\SFBR.Terminal.Web\SFBR.Terminal.Web.csproj", "{2FE6964F-79BD-4F05-A83C-A2FFFBA81020}"
EndProject
Project("{9A19103F-16F7-4668-BE54-9A1E7A4F7556}") = "SFBR.Device.Gateway", "src\gateway\SFBR.Device.Gateway\SFBR.Device.Gateway.csproj", "{59E56B97-B846-4023-BF41-12101AB3EDF0}"
EndProject
Project("{2150E333-8FDC-42A3-9474-1A3956D46DE8}") = "Protocol", "Protocol", "{B511DBD8-7C4E-4DF3-9DD5-F28E64EFC622}"
	ProjectSection(SolutionItems) = preProject
		..\..\文档\天网运维保障系统\厚为\智能运维终端协议_V1.0.xls = ..\..\文档\天网运维保障系统\厚为\智能运维终端协议_V1.0.xls
	EndProjectSection
EndProject
Global
	GlobalSection(SolutionConfigurationPlatforms) = preSolution
		Debug|Any CPU = Debug|Any CPU
		Release|Any CPU = Release|Any CPU
	EndGlobalSection
	GlobalSection(ProjectConfigurationPlatforms) = postSolution
		{7D0017BF-AAF2-450F-BA33-3D6B216380BF}.Debug|Any CPU.ActiveCfg = Debug|Any CPU
		{7D0017BF-AAF2-450F-BA33-3D6B216380BF}.Debug|Any CPU.Build.0 = Debug|Any CPU
		{7D0017BF-AAF2-450F-BA33-3D6B216380BF}.Release|Any CPU.ActiveCfg = Release|Any CPU
		{7D0017BF-AAF2-450F-BA33-3D6B216380BF}.Release|Any CPU.Build.0 = Release|Any CPU
		{CE82C308-B4F2-41B7-9CF2-704AD7F3DC95}.Debug|Any CPU.ActiveCfg = Debug|Any CPU
		{CE82C308-B4F2-41B7-9CF2-704AD7F3DC95}.Debug|Any CPU.Build.0 = Debug|Any CPU
		{CE82C308-B4F2-41B7-9CF2-704AD7F3DC95}.Release|Any CPU.ActiveCfg = Release|Any CPU
		{CE82C308-B4F2-41B7-9CF2-704AD7F3DC95}.Release|Any CPU.Build.0 = Release|Any CPU
		{18BE3F7B-FDF7-401B-A21E-4B508B3D2FAB}.Debug|Any CPU.ActiveCfg = Debug|Any CPU
		{18BE3F7B-FDF7-401B-A21E-4B508B3D2FAB}.Debug|Any CPU.Build.0 = Debug|Any CPU
		{18BE3F7B-FDF7-401B-A21E-4B508B3D2FAB}.Release|Any CPU.ActiveCfg = Release|Any CPU
		{18BE3F7B-FDF7-401B-A21E-4B508B3D2FAB}.Release|Any CPU.Build.0 = Release|Any CPU
		{17AC32E9-2A6A-4EAA-BD23-EC2015441DE6}.Debug|Any CPU.ActiveCfg = Debug|Any CPU
		{17AC32E9-2A6A-4EAA-BD23-EC2015441DE6}.Debug|Any CPU.Build.0 = Debug|Any CPU
		{17AC32E9-2A6A-4EAA-BD23-EC2015441DE6}.Release|Any CPU.ActiveCfg = Release|Any CPU
		{17AC32E9-2A6A-4EAA-BD23-EC2015441DE6}.Release|Any CPU.Build.0 = Release|Any CPU
		{58EAC19A-AA77-4AD8-BA6D-DBE88C3A5277}.Debug|Any CPU.ActiveCfg = Debug|Any CPU
		{58EAC19A-AA77-4AD8-BA6D-DBE88C3A5277}.Debug|Any CPU.Build.0 = Debug|Any CPU
		{58EAC19A-AA77-4AD8-BA6D-DBE88C3A5277}.Release|Any CPU.ActiveCfg = Release|Any CPU
		{58EAC19A-AA77-4AD8-BA6D-DBE88C3A5277}.Release|Any CPU.Build.0 = Release|Any CPU
		{13EBC368-8F3D-4F0E-BDE0-7893AB204C21}.Debug|Any CPU.ActiveCfg = Debug|Any CPU
		{13EBC368-8F3D-4F0E-BDE0-7893AB204C21}.Debug|Any CPU.Build.0 = Debug|Any CPU
		{13EBC368-8F3D-4F0E-BDE0-7893AB204C21}.Release|Any CPU.ActiveCfg = Release|Any CPU
		{13EBC368-8F3D-4F0E-BDE0-7893AB204C21}.Release|Any CPU.Build.0 = Release|Any CPU
		{DEA06FFC-BEEC-4C89-A8B9-993B1A2BA6F6}.Debug|Any CPU.ActiveCfg = Debug|Any CPU
		{DEA06FFC-BEEC-4C89-A8B9-993B1A2BA6F6}.Debug|Any CPU.Build.0 = Debug|Any CPU
		{DEA06FFC-BEEC-4C89-A8B9-993B1A2BA6F6}.Release|Any CPU.ActiveCfg = Release|Any CPU
		{DEA06FFC-BEEC-4C89-A8B9-993B1A2BA6F6}.Release|Any CPU.Build.0 = Release|Any CPU
		{97A6342D-E190-43FC-93AA-4EFED0160984}.Debug|Any CPU.ActiveCfg = Debug|Any CPU
		{97A6342D-E190-43FC-93AA-4EFED0160984}.Debug|Any CPU.Build.0 = Debug|Any CPU
		{97A6342D-E190-43FC-93AA-4EFED0160984}.Release|Any CPU.ActiveCfg = Release|Any CPU
		{97A6342D-E190-43FC-93AA-4EFED0160984}.Release|Any CPU.Build.0 = Release|Any CPU
		{476A2F28-00FB-40B4-B118-2F376478C942}.Debug|Any CPU.ActiveCfg = Debug|Any CPU
		{476A2F28-00FB-40B4-B118-2F376478C942}.Debug|Any CPU.Build.0 = Debug|Any CPU
		{476A2F28-00FB-40B4-B118-2F376478C942}.Release|Any CPU.ActiveCfg = Release|Any CPU
		{476A2F28-00FB-40B4-B118-2F376478C942}.Release|Any CPU.Build.0 = Release|Any CPU
		{39768BF2-F7D1-431C-9E24-15B4BC81A174}.Debug|Any CPU.ActiveCfg = Debug|Any CPU
		{39768BF2-F7D1-431C-9E24-15B4BC81A174}.Debug|Any CPU.Build.0 = Debug|Any CPU
		{39768BF2-F7D1-431C-9E24-15B4BC81A174}.Release|Any CPU.ActiveCfg = Release|Any CPU
		{39768BF2-F7D1-431C-9E24-15B4BC81A174}.Release|Any CPU.Build.0 = Release|Any CPU
		{2FE6964F-79BD-4F05-A83C-A2FFFBA81020}.Debug|Any CPU.ActiveCfg = Debug|Any CPU
		{2FE6964F-79BD-4F05-A83C-A2FFFBA81020}.Debug|Any CPU.Build.0 = Debug|Any CPU
		{2FE6964F-79BD-4F05-A83C-A2FFFBA81020}.Release|Any CPU.ActiveCfg = Release|Any CPU
		{2FE6964F-79BD-4F05-A83C-A2FFFBA81020}.Release|Any CPU.Build.0 = Release|Any CPU
		{59E56B97-B846-4023-BF41-12101AB3EDF0}.Debug|Any CPU.ActiveCfg = Debug|Any CPU
		{59E56B97-B846-4023-BF41-12101AB3EDF0}.Debug|Any CPU.Build.0 = Debug|Any CPU
		{59E56B97-B846-4023-BF41-12101AB3EDF0}.Release|Any CPU.ActiveCfg = Release|Any CPU
		{59E56B97-B846-4023-BF41-12101AB3EDF0}.Release|Any CPU.Build.0 = Release|Any CPU
	EndGlobalSection
	GlobalSection(SolutionProperties) = preSolution
		HideSolutionNode = FALSE
	EndGlobalSection
	GlobalSection(NestedProjects) = preSolution
		{7D0017BF-AAF2-450F-BA33-3D6B216380BF} = {AB8CAEE1-0532-429D-93D6-84E2B2CCD5AE}
		{CE82C308-B4F2-41B7-9CF2-704AD7F3DC95} = {AB8CAEE1-0532-429D-93D6-84E2B2CCD5AE}
		{18BE3F7B-FDF7-401B-A21E-4B508B3D2FAB} = {AB8CAEE1-0532-429D-93D6-84E2B2CCD5AE}
		{17AC32E9-2A6A-4EAA-BD23-EC2015441DE6} = {AA1595EA-43B9-4DD3-B050-E5BD24E47471}
		{58EAC19A-AA77-4AD8-BA6D-DBE88C3A5277} = {AA1595EA-43B9-4DD3-B050-E5BD24E47471}
		{13EBC368-8F3D-4F0E-BDE0-7893AB204C21} = {AA1595EA-43B9-4DD3-B050-E5BD24E47471}
		{7500FAF4-E5C1-4E8E-B6B5-49C10EFC2772} = {D3CD2069-6E26-4EA8-9B44-F6F6ED55DCF0}
		{970ABAC9-F2C8-4FFC-909B-4A7BBFD2E028} = {D3CD2069-6E26-4EA8-9B44-F6F6ED55DCF0}
		{83052ACE-3156-4E4F-8E4C-16DB9934BFF5} = {C42D0625-F183-47DB-8F8D-BF895D3C76F5}
		{DEA06FFC-BEEC-4C89-A8B9-993B1A2BA6F6} = {83052ACE-3156-4E4F-8E4C-16DB9934BFF5}
		{97A6342D-E190-43FC-93AA-4EFED0160984} = {7500FAF4-E5C1-4E8E-B6B5-49C10EFC2772}
		{E41310E1-B7A8-415C-9170-846CC18AED5A} = {D3CD2069-6E26-4EA8-9B44-F6F6ED55DCF0}
		{476A2F28-00FB-40B4-B118-2F376478C942} = {E41310E1-B7A8-415C-9170-846CC18AED5A}
		{39768BF2-F7D1-431C-9E24-15B4BC81A174} = {970ABAC9-F2C8-4FFC-909B-4A7BBFD2E028}
		{AB8CAEE1-0532-429D-93D6-84E2B2CCD5AE} = {D3CD2069-6E26-4EA8-9B44-F6F6ED55DCF0}
		{2FE6964F-79BD-4F05-A83C-A2FFFBA81020} = {7031233B-3076-45E0-86CE-EDD02E14DCC3}
		{59E56B97-B846-4023-BF41-12101AB3EDF0} = {93552A34-5E09-43B8-998A-2C154BE5458D}
	EndGlobalSection
	GlobalSection(ExtensibilityGlobals) = postSolution
		SolutionGuid = {91F95E10-1F7B-41E8-AA67-DFA04402FF46}
	EndGlobalSection
EndGlobal
